
Microsoft Visual Studio Solution File, Format Version 12.00
# Visual Studio 14
VisualStudioVersion = 14.0.23107.0
MinimumVisualStudioVersion = 10.0.40219.1
Project("{FAE04EC0-301F-11D3-BF4B-00C04F79EFBC}") = "Shares", "Shares\Shares.csproj", "{CF9448A6-ADCB-4663-A78D-3FBCD50E780B}"
EndProject
Project("{FAE04EC0-301F-11D3-BF4B-00C04F79EFBC}") = "Reader Layer", "Reader Layer\Reader Layer.csproj", "{91BB7F8F-2752-4B28-9D82-DB08696EDB41}"
EndProject
Project("{FAE04EC0-301F-11D3-BF4B-00C04F79EFBC}") = "Shared", "..\Shared\Shared.csproj", "{19E0E912-CFAC-45EE-AC13-8B849B0DDCC9}"
EndProject
Project("{FAE04EC0-301F-11D3-BF4B-00C04F79EFBC}") = "Web Reader", "..\..\Main\Web Reader\Web Reader.csproj", "{570ABB9B-E95C-4245-B3CF-BD202079BA18}"
EndProject
Project("{FAE04EC0-301F-11D3-BF4B-00C04F79EFBC}") = "Processors", "Processors\Processors.csproj", "{E4941BF1-28C8-400B-8349-0DDDF6DE00D5}"
EndProject
Global
	GlobalSection(SolutionConfigurationPlatforms) = preSolution
		Debug|Any CPU = Debug|Any CPU
		Release|Any CPU = Release|Any CPU
	EndGlobalSection
	GlobalSection(ProjectConfigurationPlatforms) = postSolution
		{CF9448A6-ADCB-4663-A78D-3FBCD50E780B}.Debug|Any CPU.ActiveCfg = Debug|Any CPU
		{CF9448A6-ADCB-4663-A78D-3FBCD50E780B}.Debug|Any CPU.Build.0 = Debug|Any CPU
		{CF9448A6-ADCB-4663-A78D-3FBCD50E780B}.Release|Any CPU.ActiveCfg = Release|Any CPU
		{CF9448A6-ADCB-4663-A78D-3FBCD50E780B}.Release|Any CPU.Build.0 = Release|Any CPU
		{91BB7F8F-2752-4B28-9D82-DB08696EDB41}.Debug|Any CPU.ActiveCfg = Debug|Any CPU
		{91BB7F8F-2752-4B28-9D82-DB08696EDB41}.Debug|Any CPU.Build.0 = Debug|Any CPU
		{91BB7F8F-2752-4B28-9D82-DB08696EDB41}.Release|Any CPU.ActiveCfg = Release|Any CPU
		{91BB7F8F-2752-4B28-9D82-DB08696EDB41}.Release|Any CPU.Build.0 = Release|Any CPU
		{19E0E912-CFAC-45EE-AC13-8B849B0DDCC9}.Debug|Any CPU.ActiveCfg = Debug|Any CPU
		{19E0E912-CFAC-45EE-AC13-8B849B0DDCC9}.Debug|Any CPU.Build.0 = Debug|Any CPU
		{19E0E912-CFAC-45EE-AC13-8B849B0DDCC9}.Release|Any CPU.ActiveCfg = Release|Any CPU
		{19E0E912-CFAC-45EE-AC13-8B849B0DDCC9}.Release|Any CPU.Build.0 = Release|Any CPU
		{570ABB9B-E95C-4245-B3CF-BD202079BA18}.Debug|Any CPU.ActiveCfg = Debug|Any CPU
		{570ABB9B-E95C-4245-B3CF-BD202079BA18}.Debug|Any CPU.Build.0 = Debug|Any CPU
		{570ABB9B-E95C-4245-B3CF-BD202079BA18}.Release|Any CPU.ActiveCfg = Release|Any CPU
		{570ABB9B-E95C-4245-B3CF-BD202079BA18}.Release|Any CPU.Build.0 = Release|Any CPU
		{E4941BF1-28C8-400B-8349-0DDDF6DE00D5}.Debug|Any CPU.ActiveCfg = Debug|Any CPU
		{E4941BF1-28C8-400B-8349-0DDDF6DE00D5}.Debug|Any CPU.Build.0 = Debug|Any CPU
		{E4941BF1-28C8-400B-8349-0DDDF6DE00D5}.Release|Any CPU.ActiveCfg = Release|Any CPU
		{E4941BF1-28C8-400B-8349-0DDDF6DE00D5}.Release|Any CPU.Build.0 = Release|Any CPU
	EndGlobalSection
	GlobalSection(SolutionProperties) = preSolution
		HideSolutionNode = FALSE
	EndGlobalSection
	GlobalSection(TeamFoundationVersionControl) = preSolution
		SccNumberOfProjects = 5
		SccEnterpriseProvider = {4CA58AB2-18FA-4F8D-95D4-32DDF27D184C}
		SccTeamFoundationServer = http://moomin:8080/tfs/defaultcollection
		SccLocalPath0 = .
		SccProjectUniqueName1 = Shares\\Shares.csproj
		SccProjectName1 = Shares
		SccLocalPath1 = Shares
		SccProjectUniqueName2 = Reader\u0020Layer\\Reader\u0020Layer.csproj
		SccProjectName2 = Reader\u0020Layer
		SccLocalPath2 = Reader\u0020Layer
		SccProjectUniqueName3 = ..\\Shared\\Shared.csproj
		SccProjectName3 = ../Shared
		SccLocalPath3 = ..\\Shared
		SccProjectUniqueName4 = Processors\\Processors.csproj
		SccProjectName4 = Processors
		SccLocalPath4 = Processors
	EndGlobalSection
EndGlobal
